# This file was autogenerated by Stack.
# You should not edit this file by hand.
# For more information, please see the documentation at:
#   https://docs.haskellstack.org/en/stable/lock_files

packages:
- completed:
    size: 1664896
    subdir: clash-ghc
    url: https://github.com/clash-lang/clash-compiler/archive/600aa7e2bf20eefe7f7b2dc739a6ecf3e09254a8.tar.gz
    name: clash-ghc
    version: 1.4.2
    sha256: 989baf41f8d55da1f18ba463ee8ef1c0d8f55bf72037be796bf9e77542d4499f
    pantry-tree:
      size: 4171
      sha256: 1bcf1556d0da5fce1efce764a61eccb1be66fc7e9a0b504adbea5655cb195bf8
  original:
    subdir: clash-ghc
    url: https://github.com/clash-lang/clash-compiler/archive/600aa7e2bf20eefe7f7b2dc739a6ecf3e09254a8.tar.gz
- completed:
    size: 1664896
    subdir: clash-prelude
    url: https://github.com/clash-lang/clash-compiler/archive/600aa7e2bf20eefe7f7b2dc739a6ecf3e09254a8.tar.gz
    name: clash-prelude
    version: 1.4.2
    sha256: 989baf41f8d55da1f18ba463ee8ef1c0d8f55bf72037be796bf9e77542d4499f
    pantry-tree:
      size: 13721
      sha256: de173371fb8d1e3a65e62a8ff5ac6f646264d3f7e72d6fbe103d9e770b1a79ef
  original:
    subdir: clash-prelude
    url: https://github.com/clash-lang/clash-compiler/archive/600aa7e2bf20eefe7f7b2dc739a6ecf3e09254a8.tar.gz
- completed:
    size: 1664896
    subdir: clash-lib
    url: https://github.com/clash-lang/clash-compiler/archive/600aa7e2bf20eefe7f7b2dc739a6ecf3e09254a8.tar.gz
    name: clash-lib
    version: 1.4.2
    sha256: 989baf41f8d55da1f18ba463ee8ef1c0d8f55bf72037be796bf9e77542d4499f
    pantry-tree:
      size: 19692
      sha256: 760a4f2ab66656a867fec31402898b4089e480206e98bd89093e3acb907be905
  original:
    subdir: clash-lib
    url: https://github.com/clash-lang/clash-compiler/archive/600aa7e2bf20eefe7f7b2dc739a6ecf3e09254a8.tar.gz
snapshots:
- completed:
    size: 585817
    url: https://raw.githubusercontent.com/commercialhaskell/stackage-snapshots/master/lts/18/5.yaml
    sha256: 22d24d0dacad9c1450b9a174c28d203f9bb482a2a8da9710a2f2a9f4afee2887
  original: lts-18.5
